PODS:
  - Bolts/Tasks (1.9.0)
  - Eureka (4.2.0)
  - Parse (1.17.1):
    - Parse/Core (= 1.17.1)
  - Parse/Core (1.17.1):
    - Bolts/Tasks (~> 1.9)
  - RSKImageCropper (2.1.0)
  - Spring (1.0.5)
  - TwitterCore (3.2.0)
  - TwitterKit (3.4.0):
    - TwitterCore (>= 3.1.0)
  - XLPagerTabStrip (8.0.1)

DEPENDENCIES:
  - Eureka
  - Parse
  - RSKImageCropper
  - Spring (from `https://github.com/MengTo/Spring.git`)
  - TwitterKit (= 3.4.0)
  - XLPagerTabStrip

SPEC REPOS:
  https://github.com/cocoapods/specs.git:
    - Bolts
    - Eureka
    - Parse
    - RSKImageCropper
    - TwitterCore
    - TwitterKit
    - XLPagerTabStrip

EXTERNAL SOURCES:
  Spring:
    :git: https://github.com/MengTo/Spring.git

CHECKOUT OPTIONS:
  Spring:
    :commit: c540239f3590bbaf4a35c3959c329dd5ed4e3eee
    :git: https://github.com/MengTo/Spring.git

SPEC CHECKSUMS:
  Bolts: ac6567323eac61e203f6a9763667d0f711be34c8
  Eureka: 0748c7bbb2560130e43c7bfa83e99c98854a1f42
  Parse: d3edaf8c7c722cb33cb83ba7821d015ae32d362d
  RSKImageCropper: 0d0c6d8525a2381f03fde32a47c6703817a2feed
  Spring: 3c7666eccefdeb87140008dc81043f89f8dbb787
  TwitterCore: 8cbc9ad34d91c63a0035ea05bfbfc0d7ca72a28c
  TwitterKit: bc7bd086b9b724a1d888745a054e1d0b1ecc4f3f
  XLPagerTabStrip: c908b17cbf42fcd2598ee1adfc49bae25444d88a

PODFILE CHECKSUM: 30dfefbf165878fd96d92bdd8b2cdae5117be93e

COCOAPODS: 1.5.3
