// !$*UTF8*$!
{
	archiveVersion = 1;
	classes = {
	};
	objectVersion = 50;
	objects = {

/* Begin PBXBuildFile section */
		251CC09772C2FEBE5353F648 /* Pods_YourStupidInventions.framework in Frameworks */ = {isa = PBXBuildFile; fileRef = 17110D20E6DDDB48CAB574F9 /* Pods_YourStupidInventions.framework */; };
		850C2B9321330DF90095A3D7 /* bg.jpg in Resources */ = {isa = PBXBuildFile; fileRef = 850C2B8E21330DF90095A3D7 /* bg.jpg */; };
		850C2B9521330FD10095A3D7 /* signInVC.swift in Sources */ = {isa = PBXBuildFile; fileRef = 850C2B9421330FD10095A3D7 /* signInVC.swift */; };
		850C2B96213316E20095A3D7 /* Pacifico.ttf in Resources */ = {isa = PBXBuildFile; fileRef = 850C2B892132F18C0095A3D7 /* Pacifico.ttf */; };
		850C2B98213322410095A3D7 /* signUpVC.swift in Sources */ = {isa = PBXBuildFile; fileRef = 850C2B97213322410095A3D7 /* signUpVC.swift */; };
		850C2B9F213329160095A3D7 /* pp.jpg in Resources */ = {isa = PBXBuildFile; fileRef = 850C2B9D213328FE0095A3D7 /* pp.jpg */; };
		850C2BA521334A7F0095A3D7 /* unlike.png in Resources */ = {isa = PBXBuildFile; fileRef = 850C2BA121334A7E0095A3D7 /* unlike.png */; };
		850C2BA621334A7F0095A3D7 /* comment.png in Resources */ = {isa = PBXBuildFile; fileRef = 850C2BA221334A7F0095A3D7 /* comment.png */; };
		850C2BA721334A7F0095A3D7 /* like.png in Resources */ = {isa = PBXBuildFile; fileRef = 850C2BA321334A7F0095A3D7 /* like.png */; };
		850C2BA821334A7F0095A3D7 /* more.png in Resources */ = {isa = PBXBuildFile; fileRef = 850C2BA421334A7F0095A3D7 /* more.png */; };
		850C2BAB21334C840095A3D7 /* rankingVC.swift in Sources */ = {isa = PBXBuildFile; fileRef = 850C2BAA21334C840095A3D7 /* rankingVC.swift */; };
		850C2BB0213359850095A3D7 /* postCell.swift in Sources */ = {isa = PBXBuildFile; fileRef = 850C2BAF213359850095A3D7 /* postCell.swift */; };
		850C2BB22133C0AB0095A3D7 /* tabbarVC.swift in Sources */ = {isa = PBXBuildFile; fileRef = 850C2BB12133C0AB0095A3D7 /* tabbarVC.swift */; };
		850C2BB42133C0CA0095A3D7 /* navVC.swift in Sources */ = {isa = PBXBuildFile; fileRef = 850C2BB32133C0CA0095A3D7 /* navVC.swift */; };
		850C2BBA2133D3530095A3D7 /* commentVC.swift in Sources */ = {isa = PBXBuildFile; fileRef = 850C2BB92133D3530095A3D7 /* commentVC.swift */; };
		850C2BBC2133D3660095A3D7 /* commentCell.swift in Sources */ = {isa = PBXBuildFile; fileRef = 850C2BBB2133D3660095A3D7 /* commentCell.swift */; };
		850C2BC02133D3FE0095A3D7 /* commentHeaderCell.swift in Sources */ = {isa = PBXBuildFile; fileRef = 850C2BBF2133D3FE0095A3D7 /* commentHeaderCell.swift */; };
		850C2BC82134D47B0095A3D7 /* homeVC.swift in Sources */ = {isa = PBXBuildFile; fileRef = 850C2BC72134D47B0095A3D7 /* homeVC.swift */; };
		850C2BCA2135008A0095A3D7 /* homeHeaderView.swift in Sources */ = {isa = PBXBuildFile; fileRef = 850C2BC92135008A0095A3D7 /* homeHeaderView.swift */; };
		850C2BCC213507FA0095A3D7 /* homePostCell.swift in Sources */ = {isa = PBXBuildFile; fileRef = 850C2BCB213507FA0095A3D7 /* homePostCell.swift */; };
		850C2BD3213514190095A3D7 /* back@3x.png in Resources */ = {isa = PBXBuildFile; fileRef = 850C2BD0213514180095A3D7 /* back@3x.png */; };
		850C2BD4213514190095A3D7 /* back@2x.png in Resources */ = {isa = PBXBuildFile; fileRef = 850C2BD1213514180095A3D7 /* back@2x.png */; };
		850C2BD5213514190095A3D7 /* back.png in Resources */ = {isa = PBXBuildFile; fileRef = 850C2BD2213514190095A3D7 /* back.png */; };
		850C2BD7213538710095A3D7 /* themesVC.swift in Sources */ = {isa = PBXBuildFile; fileRef = 850C2BD6213538710095A3D7 /* themesVC.swift */; };
		850C2BDB21353A060095A3D7 /* themeCell.swift in Sources */ = {isa = PBXBuildFile; fileRef = 850C2BDA21353A060095A3D7 /* themeCell.swift */; };
		850C2BDD2135C2FA0095A3D7 /* postIdeaVC.swift in Sources */ = {isa = PBXBuildFile; fileRef = 850C2BDC2135C2FA0095A3D7 /* postIdeaVC.swift */; };
		850C2BDF2135C3FD0095A3D7 /* postIdeaHeader.swift in Sources */ = {isa = PBXBuildFile; fileRef = 850C2BDE2135C3FD0095A3D7 /* postIdeaHeader.swift */; };
		850C2BE32137063F0095A3D7 /* notificationsCell.swift in Sources */ = {isa = PBXBuildFile; fileRef = 850C2BE22137063F0095A3D7 /* notificationsCell.swift */; };
		850C2BE52137067F0095A3D7 /* notificationsVC.swift in Sources */ = {isa = PBXBuildFile; fileRef = 850C2BE42137067F0095A3D7 /* notificationsVC.swift */; };
		850C2BE72137BF890095A3D7 /* guestVC.swift in Sources */ = {isa = PBXBuildFile; fileRef = 850C2BE62137BF890095A3D7 /* guestVC.swift */; };
		850C2BE92137D74E0095A3D7 /* editVC.swift in Sources */ = {isa = PBXBuildFile; fileRef = 850C2BE82137D74E0095A3D7 /* editVC.swift */; };
		850C2C0E2138818E0095A3D7 /* ranking@3x.png in Resources */ = {isa = PBXBuildFile; fileRef = 850C2C0D2138818E0095A3D7 /* ranking@3x.png */; };
		850C2C10213881CC0095A3D7 /* leaf@3x.png in Resources */ = {isa = PBXBuildFile; fileRef = 850C2C0F213881CB0095A3D7 /* leaf@3x.png */; };
		850C2C122138820E0095A3D7 /* idea@3x.png in Resources */ = {isa = PBXBuildFile; fileRef = 850C2C112138820D0095A3D7 /* idea@3x.png */; };
		850C2C14213882620095A3D7 /* notification@3x.png in Resources */ = {isa = PBXBuildFile; fileRef = 850C2C13213882620095A3D7 /* notification@3x.png */; };
		850C2C16213882820095A3D7 /* home@3x.png in Resources */ = {isa = PBXBuildFile; fileRef = 850C2C15213882810095A3D7 /* home@3x.png */; };
		850C2C18213883FF0095A3D7 /* setting@3x.png in Resources */ = {isa = PBXBuildFile; fileRef = 850C2C17213883FE0095A3D7 /* setting@3x.png */; };
		850C2C1A213926380095A3D7 /* resetPasswordVC.swift in Sources */ = {isa = PBXBuildFile; fileRef = 850C2C19213926380095A3D7 /* resetPasswordVC.swift */; };
		850C2C1D213C4CEC0095A3D7 /* newMenuViewController.swift in Sources */ = {isa = PBXBuildFile; fileRef = 850C2C1C213C4CEC0095A3D7 /* newMenuViewController.swift */; };
		850C2C1F213C6BAE0095A3D7 /* topMenuViewController.swift in Sources */ = {isa = PBXBuildFile; fileRef = 850C2C1E213C6BAE0095A3D7 /* topMenuViewController.swift */; };
		850C2C21213CCB490095A3D7 /* dollar_like.png in Resources */ = {isa = PBXBuildFile; fileRef = 850C2C20213CCB470095A3D7 /* dollar_like.png */; };
		850C2C23213CCB4C0095A3D7 /* dollar_unlike.png in Resources */ = {isa = PBXBuildFile; fileRef = 850C2C22213CCB4C0095A3D7 /* dollar_unlike.png */; };
		850C2C2D213DBB010095A3D7 /* themeMenuViewController.swift in Sources */ = {isa = PBXBuildFile; fileRef = 850C2C2C213DBB010095A3D7 /* themeMenuViewController.swift */; };
		85C957A3213206D000AEFD2E /* AppDelegate.swift in Sources */ = {isa = PBXBuildFile; fileRef = 85C957A2213206D000AEFD2E /* AppDelegate.swift */; };
		85C957A8213206D000AEFD2E /* Main.storyboard in Resources */ = {isa = PBXBuildFile; fileRef = 85C957A6213206D000AEFD2E /* Main.storyboard */; };
		85C957AA213206D600AEFD2E /* Assets.xcassets in Resources */ = {isa = PBXBuildFile; fileRef = 85C957A9213206D600AEFD2E /* Assets.xcassets */; };
		85C957AD213206D600AEFD2E /* LaunchScreen.storyboard in Resources */ = {isa = PBXBuildFile; fileRef = 85C957AB213206D600AEFD2E /* LaunchScreen.storyboard */; };
		85C957B621320B4500AEFD2E /* libsqlite3.tbd in Frameworks */ = {isa = PBXBuildFile; fileRef = 85C957B521320B4500AEFD2E /* libsqlite3.tbd */; };
		85C957B821320B5400AEFD2E /* libz.tbd in Frameworks */ = {isa = PBXBuildFile; fileRef = 85C957B721320B5400AEFD2E /* libz.tbd */; };
		85C957BA21320BFD00AEFD2E /* SystemConfiguration.framework in Frameworks */ = {isa = PBXBuildFile; fileRef = 85C957B921320BFD00AEFD2E /* SystemConfiguration.framework */; };
		85C957BC21320C0400AEFD2E /* StoreKit.framework in Frameworks */ = {isa = PBXBuildFile; fileRef = 85C957BB21320C0400AEFD2E /* StoreKit.framework */; };
		85C957BE21320C0D00AEFD2E /* Security.framework in Frameworks */ = {isa = PBXBuildFile; fileRef = 85C957BD21320C0D00AEFD2E /* Security.framework */; };
		85C957C021320C1400AEFD2E /* QuartzCore.framework in Frameworks */ = {isa = PBXBuildFile; fileRef = 85C957BF21320C1400AEFD2E /* QuartzCore.framework */; };
		85C957C221320C1B00AEFD2E /* CoreLocation.framework in Frameworks */ = {isa = PBXBuildFile; fileRef = 85C957C121320C1B00AEFD2E /* CoreLocation.framework */; };
		85C957C421320C2100AEFD2E /* CoreGraphics.framework in Frameworks */ = {isa = PBXBuildFile; fileRef = 85C957C321320C2100AEFD2E /* CoreGraphics.framework */; };
		85C957C621320C2900AEFD2E /* CFNetwork.framework in Frameworks */ = {isa = PBXBuildFile; fileRef = 85C957C521320C2900AEFD2E /* CFNetwork.framework */; };
		85C957C821320C3700AEFD2E /* AudioToolbox.framework in Frameworks */ = {isa = PBXBuildFile; fileRef = 85C957C721320C3700AEFD2E /* AudioToolbox.framework */; };
		85F7443921321C560097638F /* Bolts.framework in Frameworks */ = {isa = PBXBuildFile; fileRef = 85F7443721321C540097638F /* Bolts.framework */; };
		85F7443A21321C560097638F /* Parse.framework in Frameworks */ = {isa = PBXBuildFile; fileRef = 85F7443821321C550097638F /* Parse.framework */; };
/* End PBXBuildFile section */

/* Begin PBXFileReference section */
		17110D20E6DDDB48CAB574F9 /* Pods_YourStupidInventions.framework */ = {isa = PBXFileReference; explicitFileType = wrapper.framework; includeInIndex = 0; path = Pods_YourStupidInventions.framework; sourceTree = BUILT_PRODUCTS_DIR; };
		850C2B892132F18C0095A3D7 /* Pacifico.ttf */ = {isa = PBXFileReference; lastKnownFileType = file; path = Pacifico.ttf; sourceTree = "<group>"; };
		850C2B8E21330DF90095A3D7 /* bg.jpg */ = {isa = PBXFileReference; lastKnownFileType = image.jpeg; path = bg.jpg; sourceTree = "<group>"; };
		850C2B9421330FD10095A3D7 /* signInVC.swift */ = {isa = PBXFileReference; lastKnownFileType = sourcecode.swift; path = signInVC.swift; sourceTree = "<group>"; };
		850C2B97213322410095A3D7 /* signUpVC.swift */ = {isa = PBXFileReference; lastKnownFileType = sourcecode.swift; path = signUpVC.swift; sourceTree = "<group>"; };
		850C2B9D213328FE0095A3D7 /* pp.jpg */ = {isa = PBXFileReference; lastKnownFileType = image.jpeg; path = pp.jpg; sourceTree = "<group>"; };
		850C2B9E213328FE0095A3D7 /* pbg.jpg */ = {isa = PBXFileReference; lastKnownFileType = image.jpeg; path = pbg.jpg; sourceTree = "<group>"; };
		850C2BA121334A7E0095A3D7 /* unlike.png */ = {isa = PBXFileReference; lastKnownFileType = image.png; path = unlike.png; sourceTree = "<group>"; };
		850C2BA221334A7F0095A3D7 /* comment.png */ = {isa = PBXFileReference; lastKnownFileType = image.png; path = comment.png; sourceTree = "<group>"; };
		850C2BA321334A7F0095A3D7 /* like.png */ = {isa = PBXFileReference; lastKnownFileType = image.png; path = like.png; sourceTree = "<group>"; };
		850C2BA421334A7F0095A3D7 /* more.png */ = {isa = PBXFileReference; lastKnownFileType = image.png; path = more.png; sourceTree = "<group>"; };
		850C2BAA21334C840095A3D7 /* rankingVC.swift */ = {isa = PBXFileReference; lastKnownFileType = sourcecode.swift; path = rankingVC.swift; sourceTree = "<group>"; };
		850C2BAF213359850095A3D7 /* postCell.swift */ = {isa = PBXFileReference; lastKnownFileType = sourcecode.swift; path = postCell.swift; sourceTree = "<group>"; };
		850C2BB12133C0AB0095A3D7 /* tabbarVC.swift */ = {isa = PBXFileReference; lastKnownFileType = sourcecode.swift; path = tabbarVC.swift; sourceTree = "<group>"; };
		850C2BB32133C0CA0095A3D7 /* navVC.swift */ = {isa = PBXFileReference; lastKnownFileType = sourcecode.swift; path = navVC.swift; sourceTree = "<group>"; };
		850C2BB92133D3530095A3D7 /* commentVC.swift */ = {isa = PBXFileReference; lastKnownFileType = sourcecode.swift; path = commentVC.swift; sourceTree = "<group>"; };
		850C2BBB2133D3660095A3D7 /* commentCell.swift */ = {isa = PBXFileReference; lastKnownFileType = sourcecode.swift; path = commentCell.swift; sourceTree = "<group>"; };
		850C2BBF2133D3FE0095A3D7 /* commentHeaderCell.swift */ = {isa = PBXFileReference; lastKnownFileType = sourcecode.swift; path = commentHeaderCell.swift; sourceTree = "<group>"; };
		850C2BC72134D47B0095A3D7 /* homeVC.swift */ = {isa = PBXFileReference; lastKnownFileType = sourcecode.swift; path = homeVC.swift; sourceTree = "<group>"; };
		850C2BC92135008A0095A3D7 /* homeHeaderView.swift */ = {isa = PBXFileReference; lastKnownFileType = sourcecode.swift; path = homeHeaderView.swift; sourceTree = "<group>"; };
		850C2BCB213507FA0095A3D7 /* homePostCell.swift */ = {isa = PBXFileReference; lastKnownFileType = sourcecode.swift; path = homePostCell.swift; sourceTree = "<group>"; };
		850C2BD0213514180095A3D7 /* back@3x.png */ = {isa = PBXFileReference; lastKnownFileType = image.png; path = "back@3x.png"; sourceTree = "<group>"; };
		850C2BD1213514180095A3D7 /* back@2x.png */ = {isa = PBXFileReference; lastKnownFileType = image.png; path = "back@2x.png"; sourceTree = "<group>"; };
		850C2BD2213514190095A3D7 /* back.png */ = {isa = PBXFileReference; lastKnownFileType = image.png; path = back.png; sourceTree = "<group>"; };
		850C2BD6213538710095A3D7 /* themesVC.swift */ = {isa = PBXFileReference; lastKnownFileType = sourcecode.swift; path = themesVC.swift; sourceTree = "<group>"; };
		850C2BDA21353A060095A3D7 /* themeCell.swift */ = {isa = PBXFileReference; lastKnownFileType = sourcecode.swift; path = themeCell.swift; sourceTree = "<group>"; };
		850C2BDC2135C2FA0095A3D7 /* postIdeaVC.swift */ = {isa = PBXFileReference; lastKnownFileType = sourcecode.swift; path = postIdeaVC.swift; sourceTree = "<group>"; };
		850C2BDE2135C3FD0095A3D7 /* postIdeaHeader.swift */ = {isa = PBXFileReference; lastKnownFileType = sourcecode.swift; path = postIdeaHeader.swift; sourceTree = "<group>"; };
		850C2BE22137063F0095A3D7 /* notificationsCell.swift */ = {isa = PBXFileReference; lastKnownFileType = sourcecode.swift; path = notificationsCell.swift; sourceTree = "<group>"; };
		850C2BE42137067F0095A3D7 /* notificationsVC.swift */ = {isa = PBXFileReference; lastKnownFileType = sourcecode.swift; path = notificationsVC.swift; sourceTree = "<group>"; };
		850C2BE62137BF890095A3D7 /* guestVC.swift */ = {isa = PBXFileReference; lastKnownFileType = sourcecode.swift; path = guestVC.swift; sourceTree = "<group>"; };
		850C2BE82137D74E0095A3D7 /* editVC.swift */ = {isa = PBXFileReference; lastKnownFileType = sourcecode.swift; path = editVC.swift; sourceTree = "<group>"; };
		850C2C0D2138818E0095A3D7 /* ranking@3x.png */ = {isa = PBXFileReference; lastKnownFileType = image.png; path = "ranking@3x.png"; sourceTree = "<group>"; };
		850C2C0F213881CB0095A3D7 /* leaf@3x.png */ = {isa = PBXFileReference; lastKnownFileType = image.png; path = "leaf@3x.png"; sourceTree = "<group>"; };
		850C2C112138820D0095A3D7 /* idea@3x.png */ = {isa = PBXFileReference; lastKnownFileType = image.png; path = "idea@3x.png"; sourceTree = "<group>"; };
		850C2C13213882620095A3D7 /* notification@3x.png */ = {isa = PBXFileReference; lastKnownFileType = image.png; path = "notification@3x.png"; sourceTree = "<group>"; };
		850C2C15213882810095A3D7 /* home@3x.png */ = {isa = PBXFileReference; lastKnownFileType = image.png; path = "home@3x.png"; sourceTree = "<group>"; };
		850C2C17213883FE0095A3D7 /* setting@3x.png */ = {isa = PBXFileReference; lastKnownFileType = image.png; path = "setting@3x.png"; sourceTree = "<group>"; };
		850C2C19213926380095A3D7 /* resetPasswordVC.swift */ = {isa = PBXFileReference; lastKnownFileType = sourcecode.swift; path = resetPasswordVC.swift; sourceTree = "<group>"; };
		850C2C1C213C4CEC0095A3D7 /* newMenuViewController.swift */ = {isa = PBXFileReference; lastKnownFileType = sourcecode.swift; path = newMenuViewController.swift; sourceTree = "<group>"; };
		850C2C1E213C6BAE0095A3D7 /* topMenuViewController.swift */ = {isa = PBXFileReference; fileEncoding = 4; lastKnownFileType = sourcecode.swift; path = topMenuViewController.swift; sourceTree = "<group>"; };
		850C2C20213CCB470095A3D7 /* dollar_like.png */ = {isa = PBXFileReference; lastKnownFileType = image.png; path = dollar_like.png; sourceTree = "<group>"; };
		850C2C22213CCB4C0095A3D7 /* dollar_unlike.png */ = {isa = PBXFileReference; lastKnownFileType = image.png; path = dollar_unlike.png; sourceTree = "<group>"; };
		850C2C2C213DBB010095A3D7 /* themeMenuViewController.swift */ = {isa = PBXFileReference; fileEncoding = 4; lastKnownFileType = sourcecode.swift; path = themeMenuViewController.swift; sourceTree = "<group>"; };
		85C9579F213206D000AEFD2E /* YourStupidInventions.app */ = {isa = PBXFileReference; explicitFileType = wrapper.application; includeInIndex = 0; path = YourStupidInventions.app; sourceTree = BUILT_PRODUCTS_DIR; };
		85C957A2213206D000AEFD2E /* AppDelegate.swift */ = {isa = PBXFileReference; lastKnownFileType = sourcecode.swift; path = AppDelegate.swift; sourceTree = "<group>"; };
		85C957A7213206D000AEFD2E /* Base */ = {isa = PBXFileReference; lastKnownFileType = file.storyboard; name = Base; path = Base.lproj/Main.storyboard; sourceTree = "<group>"; };
		85C957A9213206D600AEFD2E /* Assets.xcassets */ = {isa = PBXFileReference; lastKnownFileType = folder.assetcatalog; path = Assets.xcassets; sourceTree = "<group>"; };
		85C957AC213206D600AEFD2E /* Base */ = {isa = PBXFileReference; lastKnownFileType = file.storyboard; name = Base; path = Base.lproj/LaunchScreen.storyboard; sourceTree = "<group>"; };
		85C957AE213206D600AEFD2E /* Info.plist */ = {isa = PBXFileReference; lastKnownFileType = text.plist.xml; path = Info.plist; sourceTree = "<group>"; };
		85C957B521320B4500AEFD2E /* libsqlite3.tbd */ = {isa = PBXFileReference; lastKnownFileType = "sourcecode.text-based-dylib-definition"; name = libsqlite3.tbd; path = usr/lib/libsqlite3.tbd; sourceTree = SDKROOT; };
		85C957B721320B5400AEFD2E /* libz.tbd */ = {isa = PBXFileReference; lastKnownFileType = "sourcecode.text-based-dylib-definition"; name = libz.tbd; path = usr/lib/libz.tbd; sourceTree = SDKROOT; };
		85C957B921320BFD00AEFD2E /* SystemConfiguration.framework */ = {isa = PBXFileReference; lastKnownFileType = wrapper.framework; name = SystemConfiguration.framework; path = System/Library/Frameworks/SystemConfiguration.framework; sourceTree = SDKROOT; };
		85C957BB21320C0400AEFD2E /* StoreKit.framework */ = {isa = PBXFileReference; lastKnownFileType = wrapper.framework; name = StoreKit.framework; path = System/Library/Frameworks/StoreKit.framework; sourceTree = SDKROOT; };
		85C957BD21320C0D00AEFD2E /* Security.framework */ = {isa = PBXFileReference; lastKnownFileType = wrapper.framework; name = Security.framework; path = System/Library/Frameworks/Security.framework; sourceTree = SDKROOT; };
		85C957BF21320C1400AEFD2E /* QuartzCore.framework */ = {isa = PBXFileReference; lastKnownFileType = wrapper.framework; name = QuartzCore.framework; path = System/Library/Frameworks/QuartzCore.framework; sourceTree = SDKROOT; };
		85C957C121320C1B00AEFD2E /* CoreLocation.framework */ = {isa = PBXFileReference; lastKnownFileType = wrapper.framework; name = CoreLocation.framework; path = System/Library/Frameworks/CoreLocation.framework; sourceTree = SDKROOT; };
		85C957C321320C2100AEFD2E /* CoreGraphics.framework */ = {isa = PBXFileReference; lastKnownFileType = wrapper.framework; name = CoreGraphics.framework; path = System/Library/Frameworks/CoreGraphics.framework; sourceTree = SDKROOT; };
		85C957C521320C2900AEFD2E /* CFNetwork.framework */ = {isa = PBXFileReference; lastKnownFileType = wrapper.framework; name = CFNetwork.framework; path = System/Library/Frameworks/CFNetwork.framework; sourceTree = SDKROOT; };
		85C957C721320C3700AEFD2E /* AudioToolbox.framework */ = {isa = PBXFileReference; lastKnownFileType = wrapper.framework; name = AudioToolbox.framework; path = System/Library/Frameworks/AudioToolbox.framework; sourceTree = SDKROOT; };
		85F7443721321C540097638F /* Bolts.framework */ = {isa = PBXFileReference; lastKnownFileType = wrapper.framework; path = Bolts.framework; sourceTree = "<group>"; };
		85F7443821321C550097638F /* Parse.framework */ = {isa = PBXFileReference; lastKnownFileType = wrapper.framework; path = Parse.framework; sourceTree = "<group>"; };
		B9975DACAF43956E9A34CD83 /* Pods-YourStupidInventions.release.xcconfig */ = {isa = PBXFileReference; includeInIndex = 1; lastKnownFileType = text.xcconfig; name = "Pods-YourStupidInventions.release.xcconfig"; path = "Pods/Target Support Files/Pods-YourStupidInventions/Pods-YourStupidInventions.release.xcconfig"; sourceTree = "<group>"; };
		F1BF93EDFF89707C64EA1A9F /* Pods-YourStupidInventions.debug.xcconfig */ = {isa = PBXFileReference; includeInIndex = 1; lastKnownFileType = text.xcconfig; name = "Pods-YourStupidInventions.debug.xcconfig"; path = "Pods/Target Support Files/Pods-YourStupidInventions/Pods-YourStupidInventions.debug.xcconfig"; sourceTree = "<group>"; };
/* End PBXFileReference section */

/* Begin PBXFrameworksBuildPhase section */
		85C9579C213206D000AEFD2E /* Frameworks */ = {
			isa = PBXFrameworksBuildPhase;
			buildActionMask = 2147483647;
			files = (
				85C957C821320C3700AEFD2E /* AudioToolbox.framework in Frameworks */,
				85C957C621320C2900AEFD2E /* CFNetwork.framework in Frameworks */,
				85C957C421320C2100AEFD2E /* CoreGraphics.framework in Frameworks */,
				85C957C221320C1B00AEFD2E /* CoreLocation.framework in Frameworks */,
				85C957C021320C1400AEFD2E /* QuartzCore.framework in Frameworks */,
				85C957BE21320C0D00AEFD2E /* Security.framework in Frameworks */,
				85C957BC21320C0400AEFD2E /* StoreKit.framework in Frameworks */,
				85C957BA21320BFD00AEFD2E /* SystemConfiguration.framework in Frameworks */,
				85F7443921321C560097638F /* Bolts.framework in Frameworks */,
				85C957B821320B5400AEFD2E /* libz.tbd in Frameworks */,
				85F7443A21321C560097638F /* Parse.framework in Frameworks */,
				85C957B621320B4500AEFD2E /* libsqlite3.tbd in Frameworks */,
				251CC09772C2FEBE5353F648 /* Pods_YourStupidInventions.framework in Frameworks */,
			);
			runOnlyForDeploymentPostprocessing = 0;
		};
/* End PBXFrameworksBuildPhase section */

/* Begin PBXGroup section */
		850C2BA0213329210095A3D7 /* placeholder items */ = {
			isa = PBXGroup;
			children = (
				850C2B9E213328FE0095A3D7 /* pbg.jpg */,
				850C2B9D213328FE0095A3D7 /* pp.jpg */,
			);
			path = "placeholder items";
			sourceTree = "<group>";
		};
		850C2BA921334A9F0095A3D7 /* button items */ = {
			isa = PBXGroup;
			children = (
				850C2C17213883FE0095A3D7 /* setting@3x.png */,
				850C2BD2213514190095A3D7 /* back.png */,
				850C2C20213CCB470095A3D7 /* dollar_like.png */,
				850C2BD1213514180095A3D7 /* back@2x.png */,
				850C2BD0213514180095A3D7 /* back@3x.png */,
				850C2C22213CCB4C0095A3D7 /* dollar_unlike.png */,
				850C2BA221334A7F0095A3D7 /* comment.png */,
				850C2BA321334A7F0095A3D7 /* like.png */,
				850C2BA421334A7F0095A3D7 /* more.png */,
				850C2BA121334A7E0095A3D7 /* unlike.png */,
			);
			path = "button items";
			sourceTree = "<group>";
		};
		850C2BEE213873B00095A3D7 /* tabbar items */ = {
			isa = PBXGroup;
			children = (
				850C2C0D2138818E0095A3D7 /* ranking@3x.png */,
				850C2C0F213881CB0095A3D7 /* leaf@3x.png */,
				850C2C112138820D0095A3D7 /* idea@3x.png */,
				850C2C13213882620095A3D7 /* notification@3x.png */,
				850C2C15213882810095A3D7 /* home@3x.png */,
			);
			path = "tabbar items";
			sourceTree = "<group>";
		};
		85C95796213206D000AEFD2E = {
			isa = PBXGroup;
			children = (
				85C957A1213206D000AEFD2E /* YourStupidInventions */,
				85C957A0213206D000AEFD2E /* Products */,
				85C957B421320B4500AEFD2E /* Frameworks */,
				EC57EACB3E9BA09656E0A96C /* Pods */,
			);
			sourceTree = "<group>";
		};
		85C957A0213206D000AEFD2E /* Products */ = {
			isa = PBXGroup;
			children = (
				85C9579F213206D000AEFD2E /* YourStupidInventions.app */,
			);
			name = Products;
			sourceTree = "<group>";
		};
		85C957A1213206D000AEFD2E /* YourStupidInventions */ = {
			isa = PBXGroup;
			children = (
				850C2BEE213873B00095A3D7 /* tabbar items */,
				850C2BA921334A9F0095A3D7 /* button items */,
				850C2BA0213329210095A3D7 /* placeholder items */,
				850C2B8E21330DF90095A3D7 /* bg.jpg */,
				85C957A2213206D000AEFD2E /* AppDelegate.swift */,
				85C957A6213206D000AEFD2E /* Main.storyboard */,
				85C957A9213206D600AEFD2E /* Assets.xcassets */,
				85C957AB213206D600AEFD2E /* LaunchScreen.storyboard */,
				85C957AE213206D600AEFD2E /* Info.plist */,
				850C2B892132F18C0095A3D7 /* Pacifico.ttf */,
				850C2B9421330FD10095A3D7 /* signInVC.swift */,
				850C2B97213322410095A3D7 /* signUpVC.swift */,
				850C2BAA21334C840095A3D7 /* rankingVC.swift */,
				850C2BAF213359850095A3D7 /* postCell.swift */,
				850C2BB12133C0AB0095A3D7 /* tabbarVC.swift */,
				850C2BB32133C0CA0095A3D7 /* navVC.swift */,
				850C2BB92133D3530095A3D7 /* commentVC.swift */,
				850C2BBB2133D3660095A3D7 /* commentCell.swift */,
				850C2BBF2133D3FE0095A3D7 /* commentHeaderCell.swift */,
				850C2BC72134D47B0095A3D7 /* homeVC.swift */,
				850C2BC92135008A0095A3D7 /* homeHeaderView.swift */,
				850C2BCB213507FA0095A3D7 /* homePostCell.swift */,
				850C2BD6213538710095A3D7 /* themesVC.swift */,
				850C2BDA21353A060095A3D7 /* themeCell.swift */,
				850C2BDC2135C2FA0095A3D7 /* postIdeaVC.swift */,
				850C2BDE2135C3FD0095A3D7 /* postIdeaHeader.swift */,
				850C2BE22137063F0095A3D7 /* notificationsCell.swift */,
				850C2BE42137067F0095A3D7 /* notificationsVC.swift */,
				850C2BE62137BF890095A3D7 /* guestVC.swift */,
				850C2BE82137D74E0095A3D7 /* editVC.swift */,
				850C2C19213926380095A3D7 /* resetPasswordVC.swift */,
				850C2C1E213C6BAE0095A3D7 /* topMenuViewController.swift */,
				850C2C1C213C4CEC0095A3D7 /* newMenuViewController.swift */,
				850C2C2C213DBB010095A3D7 /* themeMenuViewController.swift */,
			);
			path = YourStupidInventions;
			sourceTree = "<group>";
		};
		85C957B421320B4500AEFD2E /* Frameworks */ = {
			isa = PBXGroup;
			children = (
				85F7443721321C540097638F /* Bolts.framework */,
				85F7443821321C550097638F /* Parse.framework */,
				85C957C721320C3700AEFD2E /* AudioToolbox.framework */,
				85C957C521320C2900AEFD2E /* CFNetwork.framework */,
				85C957C321320C2100AEFD2E /* CoreGraphics.framework */,
				85C957C121320C1B00AEFD2E /* CoreLocation.framework */,
				85C957BF21320C1400AEFD2E /* QuartzCore.framework */,
				85C957BD21320C0D00AEFD2E /* Security.framework */,
				85C957BB21320C0400AEFD2E /* StoreKit.framework */,
				85C957B921320BFD00AEFD2E /* SystemConfiguration.framework */,
				85C957B721320B5400AEFD2E /* libz.tbd */,
				85C957B521320B4500AEFD2E /* libsqlite3.tbd */,
				17110D20E6DDDB48CAB574F9 /* Pods_YourStupidInventions.framework */,
			);
			name = Frameworks;
			sourceTree = "<group>";
		};
		EC57EACB3E9BA09656E0A96C /* Pods */ = {
			isa = PBXGroup;
			children = (
				F1BF93EDFF89707C64EA1A9F /* Pods-YourStupidInventions.debug.xcconfig */,
				B9975DACAF43956E9A34CD83 /* Pods-YourStupidInventions.release.xcconfig */,
			);
			name = Pods;
			sourceTree = "<group>";
		};
/* End PBXGroup section */

/* Begin PBXNativeTarget section */
		85C9579E213206D000AEFD2E /* YourStupidInventions */ = {
			isa = PBXNativeTarget;
			buildConfigurationList = 85C957B1213206D600AEFD2E /* Build configuration list for PBXNativeTarget "YourStupidInventions" */;
			buildPhases = (
				3701C33A062485AEA8D49EBE /* [CP] Check Pods Manifest.lock */,
				85C9579B213206D000AEFD2E /* Sources */,
				85C9579C213206D000AEFD2E /* Frameworks */,
				85C9579D213206D000AEFD2E /* Resources */,
				F1F595C311B21CF3439506E6 /* [CP] Embed Pods Frameworks */,
			);
			buildRules = (
			);
			dependencies = (
			);
			name = YourStupidInventions;
			productName = YourStupidInventions;
			productReference = 85C9579F213206D000AEFD2E /* YourStupidInventions.app */;
			productType = "com.apple.product-type.application";
		};
/* End PBXNativeTarget section */

/* Begin PBXProject section */
		85C95797213206D000AEFD2E /* Project object */ = {
			isa = PBXProject;
			attributes = {
				LastSwiftUpdateCheck = 0940;
				LastUpgradeCheck = 0940;
				ORGANIZATIONNAME = IsseiMori;
				TargetAttributes = {
					85C9579E213206D000AEFD2E = {
						CreatedOnToolsVersion = 9.4.1;
					};
				};
			};
			buildConfigurationList = 85C9579A213206D000AEFD2E /* Build configuration list for PBXProject "YourStupidInventions" */;
			compatibilityVersion = "Xcode 9.3";
			developmentRegion = en;
			hasScannedForEncodings = 0;
			knownRegions = (
				en,
				Base,
			);
			mainGroup = 85C95796213206D000AEFD2E;
			productRefGroup = 85C957A0213206D000AEFD2E /* Products */;
			projectDirPath = "";
			projectRoot = "";
			targets = (
				85C9579E213206D000AEFD2E /* YourStupidInventions */,
			);
		};
/* End PBXProject section */

/* Begin PBXResourcesBuildPhase section */
		85C9579D213206D000AEFD2E /* Resources */ = {
			isa = PBXResourcesBuildPhase;
			buildActionMask = 2147483647;
			files = (
				850C2B9F213329160095A3D7 /* pp.jpg in Resources */,
				850C2BA621334A7F0095A3D7 /* comment.png in Resources */,
				850C2C23213CCB4C0095A3D7 /* dollar_unlike.png in Resources */,
				850C2BA721334A7F0095A3D7 /* like.png in Resources */,
				850C2BD3213514190095A3D7 /* back@3x.png in Resources */,
				850C2B96213316E20095A3D7 /* Pacifico.ttf in Resources */,
				850C2BD4213514190095A3D7 /* back@2x.png in Resources */,
				850C2C14213882620095A3D7 /* notification@3x.png in Resources */,
				850C2C10213881CC0095A3D7 /* leaf@3x.png in Resources */,
				850C2C0E2138818E0095A3D7 /* ranking@3x.png in Resources */,
				850C2BD5213514190095A3D7 /* back.png in Resources */,
				85C957AD213206D600AEFD2E /* LaunchScreen.storyboard in Resources */,
				850C2C21213CCB490095A3D7 /* dollar_like.png in Resources */,
				850C2C18213883FF0095A3D7 /* setting@3x.png in Resources */,
				850C2C16213882820095A3D7 /* home@3x.png in Resources */,
				850C2BA521334A7F0095A3D7 /* unlike.png in Resources */,
				850C2BA821334A7F0095A3D7 /* more.png in Resources */,
				85C957AA213206D600AEFD2E /* Assets.xcassets in Resources */,
				85C957A8213206D000AEFD2E /* Main.storyboard in Resources */,
				850C2B9321330DF90095A3D7 /* bg.jpg in Resources */,
				850C2C122138820E0095A3D7 /* idea@3x.png in Resources */,
			);
			runOnlyForDeploymentPostprocessing = 0;
		};
/* End PBXResourcesBuildPhase section */

/* Begin PBXShellScriptBuildPhase section */
		3701C33A062485AEA8D49EBE /* [CP] Check Pods Manifest.lock */ = {
			isa = PBXShellScriptBuildPhase;
			buildActionMask = 2147483647;
			files = (
			);
			inputPaths = (
				"${PODS_PODFILE_DIR_PATH}/Podfile.lock",
				"${PODS_ROOT}/Manifest.lock",
			);
			name = "[CP] Check Pods Manifest.lock";
			outputPaths = (
				"$(DERIVED_FILE_DIR)/Pods-YourStupidInventions-checkManifestLockResult.txt",
			);
			runOnlyForDeploymentPostprocessing = 0;
			shellPath = /bin/sh;
			shellScript = "diff \"${PODS_PODFILE_DIR_PATH}/Podfile.lock\" \"${PODS_ROOT}/Manifest.lock\" > /dev/null\nif [ $? != 0 ] ; then\n    # print error to STDERR\n    echo \"error: The sandbox is not in sync with the Podfile.lock. Run 'pod install' or update your CocoaPods installation.\" >&2\n    exit 1\nfi\n# This output is used by Xcode 'outputs' to avoid re-running this script phase.\necho \"SUCCESS\" > \"${SCRIPT_OUTPUT_FILE_0}\"\n";
			showEnvVarsInLog = 0;
		};
		F1F595C311B21CF3439506E6 /* [CP] Embed Pods Frameworks */ = {
			isa = PBXShellScriptBuildPhase;
			buildActionMask = 2147483647;
			files = (
			);
			inputPaths = (
				"${SRCROOT}/Pods/Target Support Files/Pods-YourStupidInventions/Pods-YourStupidInventions-frameworks.sh",
				"${BUILT_PRODUCTS_DIR}/RSKImageCropper/RSKImageCropper.framework",
				"${BUILT_PRODUCTS_DIR}/XLPagerTabStrip/XLPagerTabStrip.framework",
			);
			name = "[CP] Embed Pods Frameworks";
			outputPaths = (
				"${TARGET_BUILD_DIR}/${FRAMEWORKS_FOLDER_PATH}/RSKImageCropper.framework",
				"${TARGET_BUILD_DIR}/${FRAMEWORKS_FOLDER_PATH}/XLPagerTabStrip.framework",
			);
			runOnlyForDeploymentPostprocessing = 0;
			shellPath = /bin/sh;
			shellScript = "\"${SRCROOT}/Pods/Target Support Files/Pods-YourStupidInventions/Pods-YourStupidInventions-frameworks.sh\"\n";
			showEnvVarsInLog = 0;
		};
/* End PBXShellScriptBuildPhase section */

/* Begin PBXSourcesBuildPhase section */
		85C9579B213206D000AEFD2E /* Sources */ = {
			isa = PBXSourcesBuildPhase;
			buildActionMask = 2147483647;
			files = (
				850C2BCC213507FA0095A3D7 /* homePostCell.swift in Sources */,
				850C2C1D213C4CEC0095A3D7 /* newMenuViewController.swift in Sources */,
				850C2BE72137BF890095A3D7 /* guestVC.swift in Sources */,
				850C2BDF2135C3FD0095A3D7 /* postIdeaHeader.swift in Sources */,
				85C957A3213206D000AEFD2E /* AppDelegate.swift in Sources */,
				850C2BC82134D47B0095A3D7 /* homeVC.swift in Sources */,
				850C2BDD2135C2FA0095A3D7 /* postIdeaVC.swift in Sources */,
				850C2BD7213538710095A3D7 /* themesVC.swift in Sources */,
				850C2BB0213359850095A3D7 /* postCell.swift in Sources */,
				850C2BE32137063F0095A3D7 /* notificationsCell.swift in Sources */,
				850C2BAB21334C840095A3D7 /* rankingVC.swift in Sources */,
				850C2BB42133C0CA0095A3D7 /* navVC.swift in Sources */,
				850C2C1F213C6BAE0095A3D7 /* topMenuViewController.swift in Sources */,
				850C2C2D213DBB010095A3D7 /* themeMenuViewController.swift in Sources */,
				850C2BBC2133D3660095A3D7 /* commentCell.swift in Sources */,
				850C2B98213322410095A3D7 /* signUpVC.swift in Sources */,
				850C2BCA2135008A0095A3D7 /* homeHeaderView.swift in Sources */,
				850C2BE92137D74E0095A3D7 /* editVC.swift in Sources */,
				850C2C1A213926380095A3D7 /* resetPasswordVC.swift in Sources */,
				850C2BBA2133D3530095A3D7 /* commentVC.swift in Sources */,
				850C2BB22133C0AB0095A3D7 /* tabbarVC.swift in Sources */,
				850C2BDB21353A060095A3D7 /* themeCell.swift in Sources */,
				850C2BC02133D3FE0095A3D7 /* commentHeaderCell.swift in Sources */,
				850C2B9521330FD10095A3D7 /* signInVC.swift in Sources */,
				850C2BE52137067F0095A3D7 /* notificationsVC.swift in Sources */,
			);
			runOnlyForDeploymentPostprocessing = 0;
		};
/* End PBXSourcesBuildPhase section */

/* Begin PBXVariantGroup section */
		85C957A6213206D000AEFD2E /* Main.storyboard */ = {
			isa = PBXVariantGroup;
			children = (
				85C957A7213206D000AEFD2E /* Base */,
			);
			name = Main.storyboard;
			sourceTree = "<group>";
		};
		85C957AB213206D600AEFD2E /* LaunchScreen.storyboard */ = {
			isa = PBXVariantGroup;
			children = (
				85C957AC213206D600AEFD2E /* Base */,
			);
			name = LaunchScreen.storyboard;
			sourceTree = "<group>";
		};
/* End PBXVariantGroup section */

/* Begin XCBuildConfiguration section */
		85C957AF213206D600AEFD2E /* Debug */ = {
			isa = XCBuildConfiguration;
			buildSettings = {
				ALWAYS_SEARCH_USER_PATHS = NO;
				CLANG_ANALYZER_NONNULL = YES;
				CLANG_ANALYZER_NUMBER_OBJECT_CONVERSION = YES_AGGRESSIVE;
				CLANG_CXX_LANGUAGE_STANDARD = "gnu++14";
				CLANG_CXX_LIBRARY = "libc++";
				CLANG_ENABLE_MODULES = YES;
				CLANG_ENABLE_OBJC_ARC = YES;
				CLANG_ENABLE_OBJC_WEAK = YES;
				CLANG_WARN_BLOCK_CAPTURE_AUTORELEASING = YES;
				CLANG_WARN_BOOL_CONVERSION = YES;
				CLANG_WARN_COMMA = YES;
				CLANG_WARN_CONSTANT_CONVERSION = YES;
				CLANG_WARN_DEPRECATED_OBJC_IMPLEMENTATIONS = YES;
				CLANG_WARN_DIRECT_OBJC_ISA_USAGE = YES_ERROR;
				CLANG_WARN_DOCUMENTATION_COMMENTS = YES;
				CLANG_WARN_EMPTY_BODY = YES;
				CLANG_WARN_ENUM_CONVERSION = YES;
				CLANG_WARN_INFINITE_RECURSION = YES;
				CLANG_WARN_INT_CONVERSION = YES;
				CLANG_WARN_NON_LITERAL_NULL_CONVERSION = YES;
				CLANG_WARN_OBJC_IMPLICIT_RETAIN_SELF = YES;
				CLANG_WARN_OBJC_LITERAL_CONVERSION = YES;
				CLANG_WARN_OBJC_ROOT_CLASS = YES_ERROR;
				CLANG_WARN_RANGE_LOOP_ANALYSIS = YES;
				CLANG_WARN_STRICT_PROTOTYPES = YES;
				CLANG_WARN_SUSPICIOUS_MOVE = YES;
				CLANG_WARN_UNGUARDED_AVAILABILITY = YES_AGGRESSIVE;
				CLANG_WARN_UNREACHABLE_CODE = YES;
				CLANG_WARN__DUPLICATE_METHOD_MATCH = YES;
				CODE_SIGN_IDENTITY = "iPhone Developer";
				COPY_PHASE_STRIP = NO;
				DEBUG_INFORMATION_FORMAT = dwarf;
				ENABLE_STRICT_OBJC_MSGSEND = YES;
				ENABLE_TESTABILITY = YES;
				GCC_C_LANGUAGE_STANDARD = gnu11;
				GCC_DYNAMIC_NO_PIC = NO;
				GCC_NO_COMMON_BLOCKS = YES;
				GCC_OPTIMIZATION_LEVEL = 0;
				GCC_PREPROCESSOR_DEFINITIONS = (
					"DEBUG=1",
					"$(inherited)",
				);
				GCC_WARN_64_TO_32_BIT_CONVERSION = YES;
				GCC_WARN_ABOUT_RETURN_TYPE = YES_ERROR;
				GCC_WARN_UNDECLARED_SELECTOR = YES;
				GCC_WARN_UNINITIALIZED_AUTOS = YES_AGGRESSIVE;
				GCC_WARN_UNUSED_FUNCTION = YES;
				GCC_WARN_UNUSED_VARIABLE = YES;
				IPHONEOS_DEPLOYMENT_TARGET = 11.4;
				MTL_ENABLE_DEBUG_INFO = YES;
				ONLY_ACTIVE_ARCH = YES;
				SDKROOT = iphoneos;
				SWIFT_ACTIVE_COMPILATION_CONDITIONS = DEBUG;
				SWIFT_OPTIMIZATION_LEVEL = "-Onone";
			};
			name = Debug;
		};
		85C957B0213206D600AEFD2E /* Release */ = {
			isa = XCBuildConfiguration;
			buildSettings = {
				ALWAYS_SEARCH_USER_PATHS = NO;
				CLANG_ANALYZER_NONNULL = YES;
				CLANG_ANALYZER_NUMBER_OBJECT_CONVERSION = YES_AGGRESSIVE;
				CLANG_CXX_LANGUAGE_STANDARD = "gnu++14";
				CLANG_CXX_LIBRARY = "libc++";
				CLANG_ENABLE_MODULES = YES;
				CLANG_ENABLE_OBJC_ARC = YES;
				CLANG_ENABLE_OBJC_WEAK = YES;
				CLANG_WARN_BLOCK_CAPTURE_AUTORELEASING = YES;
				CLANG_WARN_BOOL_CONVERSION = YES;
				CLANG_WARN_COMMA = YES;
				CLANG_WARN_CONSTANT_CONVERSION = YES;
				CLANG_WARN_DEPRECATED_OBJC_IMPLEMENTATIONS = YES;
				CLANG_WARN_DIRECT_OBJC_ISA_USAGE = YES_ERROR;
				CLANG_WARN_DOCUMENTATION_COMMENTS = YES;
				CLANG_WARN_EMPTY_BODY = YES;
				CLANG_WARN_ENUM_CONVERSION = YES;
				CLANG_WARN_INFINITE_RECURSION = YES;
				CLANG_WARN_INT_CONVERSION = YES;
				CLANG_WARN_NON_LITERAL_NULL_CONVERSION = YES;
				CLANG_WARN_OBJC_IMPLICIT_RETAIN_SELF = YES;
				CLANG_WARN_OBJC_LITERAL_CONVERSION = YES;
				CLANG_WARN_OBJC_ROOT_CLASS = YES_ERROR;
				CLANG_WARN_RANGE_LOOP_ANALYSIS = YES;
				CLANG_WARN_STRICT_PROTOTYPES = YES;
				CLANG_WARN_SUSPICIOUS_MOVE = YES;
				CLANG_WARN_UNGUARDED_AVAILABILITY = YES_AGGRESSIVE;
				CLANG_WARN_UNREACHABLE_CODE = YES;
				CLANG_WARN__DUPLICATE_METHOD_MATCH = YES;
				CODE_SIGN_IDENTITY = "iPhone Developer";
				COPY_PHASE_STRIP = NO;
				DEBUG_INFORMATION_FORMAT = "dwarf-with-dsym";
				ENABLE_NS_ASSERTIONS = NO;
				ENABLE_STRICT_OBJC_MSGSEND = YES;
				GCC_C_LANGUAGE_STANDARD = gnu11;
				GCC_NO_COMMON_BLOCKS = YES;
				GCC_WARN_64_TO_32_BIT_CONVERSION = YES;
				GCC_WARN_ABOUT_RETURN_TYPE = YES_ERROR;
				GCC_WARN_UNDECLARED_SELECTOR = YES;
				GCC_WARN_UNINITIALIZED_AUTOS = YES_AGGRESSIVE;
				GCC_WARN_UNUSED_FUNCTION = YES;
				GCC_WARN_UNUSED_VARIABLE = YES;
				IPHONEOS_DEPLOYMENT_TARGET = 11.4;
				MTL_ENABLE_DEBUG_INFO = NO;
				SDKROOT = iphoneos;
				SWIFT_COMPILATION_MODE = wholemodule;
				SWIFT_OPTIMIZATION_LEVEL = "-O";
				VALIDATE_PRODUCT = YES;
			};
			name = Release;
		};
		85C957B2213206D600AEFD2E /* Debug */ = {
			isa = XCBuildConfiguration;
			baseConfigurationReference = F1BF93EDFF89707C64EA1A9F /* Pods-YourStupidInventions.debug.xcconfig */;
			buildSettings = {
				ASSETCATALOG_COMPILER_APPICON_NAME = AppIcon;
				CODE_SIGN_STYLE = Automatic;
				DEVELOPMENT_TEAM = 277D2PK394;
				FRAMEWORK_SEARCH_PATHS = (
					"$(inherited)",
					"$(PROJECT_DIR)",
				);
				INFOPLIST_FILE = YourStupidInventions/Info.plist;
				LD_RUNPATH_SEARCH_PATHS = (
					"$(inherited)",
					"@executable_path/Frameworks",
				);
				PRODUCT_BUNDLE_IDENTIFIER = com.YourStupidInventions;
				PRODUCT_NAME = "$(TARGET_NAME)";
				SWIFT_OBJC_BRIDGING_HEADER = "";
				SWIFT_VERSION = 4.0;
				TARGETED_DEVICE_FAMILY = "1,2";
				USER_HEADER_SEARCH_PATHS = "Pods/**";
			};
			name = Debug;
		};
		85C957B3213206D600AEFD2E /* Release */ = {
			isa = XCBuildConfiguration;
			baseConfigurationReference = B9975DACAF43956E9A34CD83 /* Pods-YourStupidInventions.release.xcconfig */;
			buildSettings = {
				ASSETCATALOG_COMPILER_APPICON_NAME = AppIcon;
				CODE_SIGN_STYLE = Automatic;
				DEVELOPMENT_TEAM = 277D2PK394;
				FRAMEWORK_SEARCH_PATHS = (
					"$(inherited)",
					"$(PROJECT_DIR)",
				);
				INFOPLIST_FILE = YourStupidInventions/Info.plist;
				LD_RUNPATH_SEARCH_PATHS = (
					"$(inherited)",
					"@executable_path/Frameworks",
				);
				PRODUCT_BUNDLE_IDENTIFIER = com.YourStupidInventions;
				PRODUCT_NAME = "$(TARGET_NAME)";
				SWIFT_OBJC_BRIDGING_HEADER = "";
				SWIFT_VERSION = 4.0;
				TARGETED_DEVICE_FAMILY = "1,2";
				USER_HEADER_SEARCH_PATHS = "Pods/**";
			};
			name = Release;
		};
/* End XCBuildConfiguration section */

/* Begin XCConfigurationList section */
		85C9579A213206D000AEFD2E /* Build configuration list for PBXProject "YourStupidInventions" */ = {
			isa = XCConfigurationList;
			buildConfigurations = (
				85C957AF213206D600AEFD2E /* Debug */,
				85C957B0213206D600AEFD2E /* Release */,
			);
			defaultConfigurationIsVisible = 0;
			defaultConfigurationName = Release;
		};
		85C957B1213206D600AEFD2E /* Build configuration list for PBXNativeTarget "YourStupidInventions" */ = {
			isa = XCConfigurationList;
			buildConfigurations = (
				85C957B2213206D600AEFD2E /* Debug */,
				85C957B3213206D600AEFD2E /* Release */,
			);
			defaultConfigurationIsVisible = 0;
			defaultConfigurationName = Release;
		};
/* End XCConfigurationList section */
	};
	rootObject = 85C95797213206D000AEFD2E /* Project object */;
}
